// !$*UTF8*$!
{
	archiveVersion = 1;
	classes = {
	};
	objectVersion = 56;
	objects = {

/* Begin PBXBuildFile section */
		0E5A9D892D0E7B930049DCFD /* RecipeAppUITests.swift in Sources */ = {isa = PBXBuildFile; fileRef = 0E5A9D882D0E7B930049DCFD /* RecipeAppUITests.swift */; };
		0E5A9D8B2D0E7C380049DCFD /* RecipeAppUITestsLaunchTests.swift in Sources */ = {isa = PBXBuildFile; fileRef = 0E5A9D8A2D0E7C380049DCFD /* RecipeAppUITestsLaunchTests.swift */; };
		0E5A9D8F2D0EAE510049DCFD /* DataCacheManager.swift in Sources */ = {isa = PBXBuildFile; fileRef = 0E5A9D8E2D0EAE510049DCFD /* DataCacheManager.swift */; };
		0E94F3C72D092D6400F65B5E /* EndpointProvider.swift in Sources */ = {isa = PBXBuildFile; fileRef = 0E94F3C62D092D6400F65B5E /* EndpointProvider.swift */; };
		0E94F3C92D092F0200F65B5E /* Config.plist in Resources */ = {isa = PBXBuildFile; fileRef = 0E94F3C82D092F0200F65B5E /* Config.plist */; };
		0E94F3CB2D0933F400F65B5E /* DataProvider.swift in Sources */ = {isa = PBXBuildFile; fileRef = 0E94F3CA2D0933F400F65B5E /* DataProvider.swift */; };
		0E94F3CE2D0935C600F65B5E /* Recipes.swift in Sources */ = {isa = PBXBuildFile; fileRef = 0E94F3CD2D0935C600F65B5E /* Recipes.swift */; };
		0E9B95472D0BED29000A435A /* RecipeWebView.swift in Sources */ = {isa = PBXBuildFile; fileRef = 0E9B95462D0BED29000A435A /* RecipeWebView.swift */; };
		0EE319142D0929C500A7EE3D /* RecipeAppApp.swift in Sources */ = {isa = PBXBuildFile; fileRef = 0EE319132D0929C500A7EE3D /* RecipeAppApp.swift */; };
		0EE319162D0929C500A7EE3D /* ContentView.swift in Sources */ = {isa = PBXBuildFile; fileRef = 0EE319152D0929C500A7EE3D /* ContentView.swift */; };
		0EE319182D0929C600A7EE3D /* Assets.xcassets in Resources */ = {isa = PBXBuildFile; fileRef = 0EE319172D0929C600A7EE3D /* Assets.xcassets */; };
		0EE3191B2D0929C600A7EE3D /* Preview Assets.xcassets in Resources */ = {isa = PBXBuildFile; fileRef = 0EE3191A2D0929C600A7EE3D /* Preview Assets.xcassets */; };
		0EE319252D0929C700A7EE3D /* RecipeAppTests.swift in Sources */ = {isa = PBXBuildFile; fileRef = 0EE319242D0929C700A7EE3D /* RecipeAppTests.swift */; };
		0EE92AA22D0D4DE4008E24BB /* RecipeCellView.swift in Sources */ = {isa = PBXBuildFile; fileRef = 0EE92AA12D0D4DE4008E24BB /* RecipeCellView.swift */; };
		0EE92AA52D0D51A3008E24BB /* URL+Identifiable.swift in Sources */ = {isa = PBXBuildFile; fileRef = 0EE92AA42D0D51A3008E24BB /* URL+Identifiable.swift */; };
		0EE92AA72D0D51DA008E24BB /* Image+Icons.swift in Sources */ = {isa = PBXBuildFile; fileRef = 0EE92AA62D0D51DA008E24BB /* Image+Icons.swift */; };
		0EE92AA92D0E225A008E24BB /* ContentViewModel.swift in Sources */ = {isa = PBXBuildFile; fileRef = 0EE92AA82D0E225A008E24BB /* ContentViewModel.swift */; };
		0EE92AAB2D0E486F008E24BB /* ContentViewElements.swift in Sources */ = {isa = PBXBuildFile; fileRef = 0EE92AAA2D0E486F008E24BB /* ContentViewElements.swift */; };
		0EF3C0DD2D0E6EB600D7B3C7 /* RecipeCellViewModel.swift in Sources */ = {isa = PBXBuildFile; fileRef = 0EF3C0DC2D0E6EB600D7B3C7 /* RecipeCellViewModel.swift */; };
		0EF3C0E02D0E721200D7B3C7 /* README in Resources */ = {isa = PBXBuildFile; fileRef = 0EF3C0DF2D0E721200D7B3C7 /* README */; };
		0EF3C0E12D0E721200D7B3C7 /* README in Resources */ = {isa = PBXBuildFile; fileRef = 0EF3C0DF2D0E721200D7B3C7 /* README */; };
/* End PBXBuildFile section */

/* Begin PBXContainerItemProxy section */
		0EE319212D0929C700A7EE3D /* PBXContainerItemProxy */ = {
			isa = PBXContainerItemProxy;
			containerPortal = 0EE319082D0929C500A7EE3D /* Project object */;
			proxyType = 1;
			remoteGlobalIDString = 0EE3190F2D0929C500A7EE3D;
			remoteInfo = RecipeApp;
		};
		0EE3192B2D0929C700A7EE3D /* PBXContainerItemProxy */ = {
			isa = PBXContainerItemProxy;
			containerPortal = 0EE319082D0929C500A7EE3D /* Project object */;
			proxyType = 1;
			remoteGlobalIDString = 0EE3190F2D0929C500A7EE3D;
			remoteInfo = RecipeApp;
		};
/* End PBXContainerItemProxy section */

/* Begin PBXFileReference section */
		0E5A9D882D0E7B930049DCFD /* RecipeAppUITests.swift */ = {isa = PBXFileReference; lastKnownFileType = sourcecode.swift; path = RecipeAppUITests.swift; sourceTree = "<group>"; };
		0E5A9D8A2D0E7C380049DCFD /* RecipeAppUITestsLaunchTests.swift */ = {isa = PBXFileReference; lastKnownFileType = sourcecode.swift; path = RecipeAppUITestsLaunchTests.swift; sourceTree = "<group>"; };
		0E5A9D8E2D0EAE510049DCFD /* DataCacheManager.swift */ = {isa = PBXFileReference; lastKnownFileType = sourcecode.swift; path = DataCacheManager.swift; sourceTree = "<group>"; };
		0E94F3C62D092D6400F65B5E /* EndpointProvider.swift */ = {isa = PBXFileReference; lastKnownFileType = sourcecode.swift; path = EndpointProvider.swift; sourceTree = "<group>"; };
		0E94F3C82D092F0200F65B5E /* Config.plist */ = {isa = PBXFileReference; lastKnownFileType = text.plist.xml; path = Config.plist; sourceTree = "<group>"; };
		0E94F3CA2D0933F400F65B5E /* DataProvider.swift */ = {isa = PBXFileReference; lastKnownFileType = sourcecode.swift; path = DataProvider.swift; sourceTree = "<group>"; };
		0E94F3CD2D0935C600F65B5E /* Recipes.swift */ = {isa = PBXFileReference; lastKnownFileType = sourcecode.swift; path = Recipes.swift; sourceTree = "<group>"; };
		0E9B95462D0BED29000A435A /* RecipeWebView.swift */ = {isa = PBXFileReference; lastKnownFileType = sourcecode.swift; path = RecipeWebView.swift; sourceTree = "<group>"; };
		0EE319102D0929C500A7EE3D /* RecipeApp.app */ = {isa = PBXFileReference; explicitFileType = wrapper.application; includeInIndex = 0; path = RecipeApp.app; sourceTree = BUILT_PRODUCTS_DIR; };
		0EE319132D0929C500A7EE3D /* RecipeAppApp.swift */ = {isa = PBXFileReference; lastKnownFileType = sourcecode.swift; path = RecipeAppApp.swift; sourceTree = "<group>"; };
		0EE319152D0929C500A7EE3D /* ContentView.swift */ = {isa = PBXFileReference; lastKnownFileType = sourcecode.swift; path = ContentView.swift; sourceTree = "<group>"; };
		0EE319172D0929C600A7EE3D /* Assets.xcassets */ = {isa = PBXFileReference; lastKnownFileType = folder.assetcatalog; path = Assets.xcassets; sourceTree = "<group>"; };
		0EE3191A2D0929C600A7EE3D /* Preview Assets.xcassets */ = {isa = PBXFileReference; lastKnownFileType = folder.assetcatalog; path = "Preview Assets.xcassets"; sourceTree = "<group>"; };
		0EE319202D0929C700A7EE3D /* RecipeAppTests.xctest */ = {isa = PBXFileReference; explicitFileType = wrapper.cfbundle; includeInIndex = 0; path = RecipeAppTests.xctest; sourceTree = BUILT_PRODUCTS_DIR; };
		0EE319242D0929C700A7EE3D /* RecipeAppTests.swift */ = {isa = PBXFileReference; lastKnownFileType = sourcecode.swift; path = RecipeAppTests.swift; sourceTree = "<group>"; };
		0EE3192A2D0929C700A7EE3D /* RecipeAppUITests.xctest */ = {isa = PBXFileReference; explicitFileType = wrapper.cfbundle; includeInIndex = 0; path = RecipeAppUITests.xctest; sourceTree = BUILT_PRODUCTS_DIR; };
		0EE92AA12D0D4DE4008E24BB /* RecipeCellView.swift */ = {isa = PBXFileReference; lastKnownFileType = sourcecode.swift; path = RecipeCellView.swift; sourceTree = "<group>"; };
		0EE92AA42D0D51A3008E24BB /* URL+Identifiable.swift */ = {isa = PBXFileReference; lastKnownFileType = sourcecode.swift; path = "URL+Identifiable.swift"; sourceTree = "<group>"; };
		0EE92AA62D0D51DA008E24BB /* Image+Icons.swift */ = {isa = PBXFileReference; lastKnownFileType = sourcecode.swift; path = "Image+Icons.swift"; sourceTree = "<group>"; };
		0EE92AA82D0E225A008E24BB /* ContentViewModel.swift */ = {isa = PBXFileReference; lastKnownFileType = sourcecode.swift; path = ContentViewModel.swift; sourceTree = "<group>"; };
		0EE92AAA2D0E486F008E24BB /* ContentViewElements.swift */ = {isa = PBXFileReference; lastKnownFileType = sourcecode.swift; path = ContentViewElements.swift; sourceTree = "<group>"; };
		0EF3C0DC2D0E6EB600D7B3C7 /* RecipeCellViewModel.swift */ = {isa = PBXFileReference; lastKnownFileType = sourcecode.swift; path = RecipeCellViewModel.swift; sourceTree = "<group>"; };
		0EF3C0DF2D0E721200D7B3C7 /* README */ = {isa = PBXFileReference; lastKnownFileType = text; path = README; sourceTree = "<group>"; };
/* End PBXFileReference section */

/* Begin PBXFrameworksBuildPhase section */
		0EE3190D2D0929C500A7EE3D /* Frameworks */ = {
			isa = PBXFrameworksBuildPhase;
			buildActionMask = 2147483647;
			files = (
			);
			runOnlyForDeploymentPostprocessing = 0;
		};
		0EE3191D2D0929C700A7EE3D /* Frameworks */ = {
			isa = PBXFrameworksBuildPhase;
			buildActionMask = 2147483647;
			files = (
			);
			runOnlyForDeploymentPostprocessing = 0;
		};
		0EE319272D0929C700A7EE3D /* Frameworks */ = {
			isa = PBXFrameworksBuildPhase;
			buildActionMask = 2147483647;
			files = (
			);
			runOnlyForDeploymentPostprocessing = 0;
		};
/* End PBXFrameworksBuildPhase section */

/* Begin PBXGroup section */
		0E5A9D862D0E7B530049DCFD /* RecipeAppUITests */ = {
			isa = PBXGroup;
			children = (
				0E5A9D882D0E7B930049DCFD /* RecipeAppUITests.swift */,
				0E5A9D8A2D0E7C380049DCFD /* RecipeAppUITestsLaunchTests.swift */,
			);
			path = RecipeAppUITests;
			sourceTree = "<group>";
		};
		0E94F3C52D092D4000F65B5E /* Services */ = {
			isa = PBXGroup;
			children = (
				0E5A9D8E2D0EAE510049DCFD /* DataCacheManager.swift */,
				0E94F3C62D092D6400F65B5E /* EndpointProvider.swift */,
				0E94F3CA2D0933F400F65B5E /* DataProvider.swift */,
			);
			path = Services;
			sourceTree = "<group>";
		};
		0E94F3CC2D0935B300F65B5E /* Models */ = {
			isa = PBXGroup;
			children = (
				0E94F3CD2D0935C600F65B5E /* Recipes.swift */,
			);
			path = Models;
			sourceTree = "<group>";
		};
		0E9B95482D0BED34000A435A /* Views */ = {
			isa = PBXGroup;
			children = (
				0EF3C0DE2D0E6ECA00D7B3C7 /* RecipeCellView */,
				0E9B95462D0BED29000A435A /* RecipeWebView.swift */,
			);
			path = Views;
			sourceTree = "<group>";
		};
		0EE319072D0929C500A7EE3D = {
			isa = PBXGroup;
			children = (
				0EE319122D0929C500A7EE3D /* RecipeApp */,
				0EE319232D0929C700A7EE3D /* RecipeAppTests */,
				0E5A9D862D0E7B530049DCFD /* RecipeAppUITests */,
				0EF3C0DF2D0E721200D7B3C7 /* README */,
				0EE319112D0929C500A7EE3D /* Products */,
			);
			sourceTree = "<group>";
		};
		0EE319112D0929C500A7EE3D /* Products */ = {
			isa = PBXGroup;
			children = (
				0EE319102D0929C500A7EE3D /* RecipeApp.app */,
				0EE319202D0929C700A7EE3D /* RecipeAppTests.xctest */,
				0EE3192A2D0929C700A7EE3D /* RecipeAppUITests.xctest */,
			);
			name = Products;
			sourceTree = "<group>";
		};
		0EE319122D0929C500A7EE3D /* RecipeApp */ = {
			isa = PBXGroup;
			children = (
				0EE92AA32D0D5174008E24BB /* Extensions */,
				0E9B95482D0BED34000A435A /* Views */,
				0E94F3CC2D0935B300F65B5E /* Models */,
				0E94F3C52D092D4000F65B5E /* Services */,
				0EE319132D0929C500A7EE3D /* RecipeAppApp.swift */,
				0EE319152D0929C500A7EE3D /* ContentView.swift */,
				0EE92AA82D0E225A008E24BB /* ContentViewModel.swift */,
				0EE92AAA2D0E486F008E24BB /* ContentViewElements.swift */,
				0EE319172D0929C600A7EE3D /* Assets.xcassets */,
				0EE319192D0929C600A7EE3D /* Preview Content */,
				0E94F3C82D092F0200F65B5E /* Config.plist */,
			);
			path = RecipeApp;
			sourceTree = "<group>";
		};
		0EE319192D0929C600A7EE3D /* Preview Content */ = {
			isa = PBXGroup;
			children = (
				0EE3191A2D0929C600A7EE3D /* Preview Assets.xcassets */,
			);
			path = "Preview Content";
			sourceTree = "<group>";
		};
		0EE319232D0929C700A7EE3D /* RecipeAppTests */ = {
			isa = PBXGroup;
			children = (
				0EE319242D0929C700A7EE3D /* RecipeAppTests.swift */,
			);
			path = RecipeAppTests;
			sourceTree = "<group>";
		};
		0EE92AA32D0D5174008E24BB /* Extensions */ = {
			isa = PBXGroup;
			children = (
				0EE92AA42D0D51A3008E24BB /* URL+Identifiable.swift */,
				0EE92AA62D0D51DA008E24BB /* Image+Icons.swift */,
			);
			path = Extensions;
			sourceTree = "<group>";
		};
		0EF3C0DE2D0E6ECA00D7B3C7 /* RecipeCellView */ = {
			isa = PBXGroup;
			children = (
				0EE92AA12D0D4DE4008E24BB /* RecipeCellView.swift */,
				0EF3C0DC2D0E6EB600D7B3C7 /* RecipeCellViewModel.swift */,
			);
			path = RecipeCellView;
			sourceTree = "<group>";
		};
/* End PBXGroup section */

/* Begin PBXNativeTarget section */
		0EE3190F2D0929C500A7EE3D /* RecipeApp */ = {
			isa = PBXNativeTarget;
			buildConfigurationList = 0EE319342D0929C700A7EE3D /* Build configuration list for PBXNativeTarget "RecipeApp" */;
			buildPhases = (
				0EE3190C2D0929C500A7EE3D /* Sources */,
				0EE3190D2D0929C500A7EE3D /* Frameworks */,
				0EE3190E2D0929C500A7EE3D /* Resources */,
			);
			buildRules = (
			);
			dependencies = (
			);
			name = RecipeApp;
			productName = RecipeApp;
			productReference = 0EE319102D0929C500A7EE3D /* RecipeApp.app */;
			productType = "com.apple.product-type.application";
		};
		0EE3191F2D0929C700A7EE3D /* RecipeAppTests */ = {
			isa = PBXNativeTarget;
			buildConfigurationList = 0EE319372D0929C700A7EE3D /* Build configuration list for PBXNativeTarget "RecipeAppTests" */;
			buildPhases = (
				0EE3191C2D0929C700A7EE3D /* Sources */,
				0EE3191D2D0929C700A7EE3D /* Frameworks */,
				0EE3191E2D0929C700A7EE3D /* Resources */,
			);
			buildRules = (
			);
			dependencies = (
				0EE319222D0929C700A7EE3D /* PBXTargetDependency */,
			);
			name = RecipeAppTests;
			productName = RecipeAppTests;
			productReference = 0EE319202D0929C700A7EE3D /* RecipeAppTests.xctest */;
			productType = "com.apple.product-type.bundle.unit-test";
		};
		0EE319292D0929C700A7EE3D /* RecipeAppUITests */ = {
			isa = PBXNativeTarget;
			buildConfigurationList = 0EE3193A2D0929C700A7EE3D /* Build configuration list for PBXNativeTarget "RecipeAppUITests" */;
			buildPhases = (
				0EE319262D0929C700A7EE3D /* Sources */,
				0EE319272D0929C700A7EE3D /* Frameworks */,
				0EE319282D0929C700A7EE3D /* Resources */,
			);
			buildRules = (
			);
			dependencies = (
				0EE3192C2D0929C700A7EE3D /* PBXTargetDependency */,
			);
			name = RecipeAppUITests;
			productName = RecipeAppUITests;
			productReference = 0EE3192A2D0929C700A7EE3D /* RecipeAppUITests.xctest */;
			productType = "com.apple.product-type.bundle.ui-testing";
		};
/* End PBXNativeTarget section */

/* Begin PBXProject section */
		0EE319082D0929C500A7EE3D /* Project object */ = {
			isa = PBXProject;
			attributes = {
				BuildIndependentTargetsInParallel = 1;
				LastSwiftUpdateCheck = 1540;
				LastUpgradeCheck = 1540;
				TargetAttributes = {
					0EE3190F2D0929C500A7EE3D = {
						CreatedOnToolsVersion = 15.4;
					};
					0EE3191F2D0929C700A7EE3D = {
						CreatedOnToolsVersion = 15.4;
						TestTargetID = 0EE3190F2D0929C500A7EE3D;
					};
					0EE319292D0929C700A7EE3D = {
						CreatedOnToolsVersion = 15.4;
						LastSwiftMigration = 1620;
						TestTargetID = 0EE3190F2D0929C500A7EE3D;
					};
				};
			};
			buildConfigurationList = 0EE3190B2D0929C500A7EE3D /* Build configuration list for PBXProject "RecipeApp" */;
			compatibilityVersion = "Xcode 14.0";
			developmentRegion = en;
			hasScannedForEncodings = 0;
			knownRegions = (
				en,
				Base,
			);
			mainGroup = 0EE319072D0929C500A7EE3D;
			productRefGroup = 0EE319112D0929C500A7EE3D /* Products */;
			projectDirPath = "";
			projectRoot = "";
			targets = (
				0EE3190F2D0929C500A7EE3D /* RecipeApp */,
				0EE3191F2D0929C700A7EE3D /* RecipeAppTests */,
				0EE319292D0929C700A7EE3D /* RecipeAppUITests */,
			);
		};
/* End PBXProject section */

/* Begin PBXResourcesBuildPhase section */
		0EE3190E2D0929C500A7EE3D /* Resources */ = {
			isa = PBXResourcesBuildPhase;
			buildActionMask = 2147483647;
			files = (
				0EF3C0E12D0E721200D7B3C7 /* README in Resources */,
				0EE3191B2D0929C600A7EE3D /* Preview Assets.xcassets in Resources */,
				0E94F3C92D092F0200F65B5E /* Config.plist in Resources */,
				0EE319182D0929C600A7EE3D /* Assets.xcassets in Resources */,
			);
			runOnlyForDeploymentPostprocessing = 0;
		};
		0EE3191E2D0929C700A7EE3D /* Resources */ = {
			isa = PBXResourcesBuildPhase;
			buildActionMask = 2147483647;
			files = (
				0EF3C0E02D0E721200D7B3C7 /* README in Resources */,
			);
			runOnlyForDeploymentPostprocessing = 0;
		};
		0EE319282D0929C700A7EE3D /* Resources */ = {
			isa = PBXResourcesBuildPhase;
			buildActionMask = 2147483647;
			files = (
			);
			runOnlyForDeploymentPostprocessing = 0;
		};
/* End PBXResourcesBuildPhase section */

/* Begin PBXSourcesBuildPhase section */
		0EE3190C2D0929C500A7EE3D /* Sources */ = {
			isa = PBXSourcesBuildPhase;
			buildActionMask = 2147483647;
			files = (
				0EE319162D0929C500A7EE3D /* ContentView.swift in Sources */,
				0EE92AA72D0D51DA008E24BB /* Image+Icons.swift in Sources */,
				0E9B95472D0BED29000A435A /* RecipeWebView.swift in Sources */,
				0E5A9D8F2D0EAE510049DCFD /* DataCacheManager.swift in Sources */,
				0EE92AA52D0D51A3008E24BB /* URL+Identifiable.swift in Sources */,
				0EF3C0DD2D0E6EB600D7B3C7 /* RecipeCellViewModel.swift in Sources */,
				0EE92AA92D0E225A008E24BB /* ContentViewModel.swift in Sources */,
				0EE92AA22D0D4DE4008E24BB /* RecipeCellView.swift in Sources */,
				0E94F3C72D092D6400F65B5E /* EndpointProvider.swift in Sources */,
				0E94F3CB2D0933F400F65B5E /* DataProvider.swift in Sources */,
				0EE319142D0929C500A7EE3D /* RecipeAppApp.swift in Sources */,
				0EE92AAB2D0E486F008E24BB /* ContentViewElements.swift in Sources */,
				0E94F3CE2D0935C600F65B5E /* Recipes.swift in Sources */,
			);
			runOnlyForDeploymentPostprocessing = 0;
		};
		0EE3191C2D0929C700A7EE3D /* Sources */ = {
			isa = PBXSourcesBuildPhase;
			buildActionMask = 2147483647;
			files = (
				0EE319252D0929C700A7EE3D /* RecipeAppTests.swift in Sources */,
			);
			runOnlyForDeploymentPostprocessing = 0;
		};
		0EE319262D0929C700A7EE3D /* Sources */ = {
			isa = PBXSourcesBuildPhase;
			buildActionMask = 2147483647;
			files = (
				0E5A9D8B2D0E7C380049DCFD /* RecipeAppUITestsLaunchTests.swift in Sources */,
				0E5A9D892D0E7B930049DCFD /* RecipeAppUITests.swift in Sources */,
			);
			runOnlyForDeploymentPostprocessing = 0;
		};
/* End PBXSourcesBuildPhase section */

/* Begin PBXTargetDependency section */
		0EE319222D0929C700A7EE3D /* PBXTargetDependency */ = {
			isa = PBXTargetDependency;
			target = 0EE3190F2D0929C500A7EE3D /* RecipeApp */;
			targetProxy = 0EE319212D0929C700A7EE3D /* PBXContainerItemProxy */;
		};
		0EE3192C2D0929C700A7EE3D /* PBXTargetDependency */ = {
			isa = PBXTargetDependency;
			target = 0EE3190F2D0929C500A7EE3D /* RecipeApp */;
			targetProxy = 0EE3192B2D0929C700A7EE3D /* PBXContainerItemProxy */;
		};
/* End PBXTargetDependency section */

/* Begin XCBuildConfiguration section */
		0EE319322D0929C700A7EE3D /* Debug */ = {
			isa = XCBuildConfiguration;
			buildSettings = {
				ALWAYS_SEARCH_USER_PATHS = NO;
				ASSETCATALOG_COMPILER_GENERATE_SWIFT_ASSET_SYMBOL_EXTENSIONS = YES;
				CLANG_ANALYZER_NONNULL = YES;
				CLANG_ANALYZER_NUMBER_OBJECT_CONVERSION = YES_AGGRESSIVE;
				CLANG_CXX_LANGUAGE_STANDARD = "gnu++20";
				CLANG_ENABLE_MODULES = YES;
				CLANG_ENABLE_OBJC_ARC = YES;
				CLANG_ENABLE_OBJC_WEAK = YES;
				CLANG_WARN_BLOCK_CAPTURE_AUTORELEASING = YES;
				CLANG_WARN_BOOL_CONVERSION = YES;
				CLANG_WARN_COMMA = YES;
				CLANG_WARN_CONSTANT_CONVERSION = YES;
				CLANG_WARN_DEPRECATED_OBJC_IMPLEMENTATIONS = YES;
				CLANG_WARN_DIRECT_OBJC_ISA_USAGE = YES_ERROR;
				CLANG_WARN_DOCUMENTATION_COMMENTS = YES;
				CLANG_WARN_EMPTY_BODY = YES;
				CLANG_WARN_ENUM_CONVERSION = YES;
				CLANG_WARN_INFINITE_RECURSION = YES;
				CLANG_WARN_INT_CONVERSION = YES;
				CLANG_WARN_NON_LITERAL_NULL_CONVERSION = YES;
				CLANG_WARN_OBJC_IMPLICIT_RETAIN_SELF = YES;
				CLANG_WARN_OBJC_LITERAL_CONVERSION = YES;
				CLANG_WARN_OBJC_ROOT_CLASS = YES_ERROR;
				CLANG_WARN_QUOTED_INCLUDE_IN_FRAMEWORK_HEADER = YES;
				CLANG_WARN_RANGE_LOOP_ANALYSIS = YES;
				CLANG_WARN_STRICT_PROTOTYPES = YES;
				CLANG_WARN_SUSPICIOUS_MOVE = YES;
				CLANG_WARN_UNGUARDED_AVAILABILITY = YES_AGGRESSIVE;
				CLANG_WARN_UNREACHABLE_CODE = YES;
				CLANG_WARN__DUPLICATE_METHOD_MATCH = YES;
				COPY_PHASE_STRIP = NO;
				DEBUG_INFORMATION_FORMAT = dwarf;
				ENABLE_STRICT_OBJC_MSGSEND = YES;
				ENABLE_TESTABILITY = YES;
				ENABLE_USER_SCRIPT_SANDBOXING = YES;
				GCC_C_LANGUAGE_STANDARD = gnu17;
				GCC_DYNAMIC_NO_PIC = NO;
				GCC_NO_COMMON_BLOCKS = YES;
				GCC_OPTIMIZATION_LEVEL = 0;
				GCC_PREPROCESSOR_DEFINITIONS = (
					"DEBUG=1",
					"$(inherited)",
				);
				GCC_WARN_64_TO_32_BIT_CONVERSION = YES;
				GCC_WARN_ABOUT_RETURN_TYPE = YES_ERROR;
				GCC_WARN_UNDECLARED_SELECTOR = YES;
				GCC_WARN_UNINITIALIZED_AUTOS = YES_AGGRESSIVE;
				GCC_WARN_UNUSED_FUNCTION = YES;
				GCC_WARN_UNUSED_VARIABLE = YES;
				IPHONEOS_DEPLOYMENT_TARGET = 17.5;
				LOCALIZATION_PREFERS_STRING_CATALOGS = YES;
				MTL_ENABLE_DEBUG_INFO = INCLUDE_SOURCE;
				MTL_FAST_MATH = YES;
				NEW_SETTING = "";
				ONLY_ACTIVE_ARCH = YES;
				SDKROOT = iphoneos;
				SWIFT_ACTIVE_COMPILATION_CONDITIONS = "DEBUG $(inherited)";
				SWIFT_OPTIMIZATION_LEVEL = "-Onone";
			};
			name = Debug;
		};
		0EE319332D0929C700A7EE3D /* Release */ = {
			isa = XCBuildConfiguration;
			buildSettings = {
				ALWAYS_SEARCH_USER_PATHS = NO;
				ASSETCATALOG_COMPILER_GENERATE_SWIFT_ASSET_SYMBOL_EXTENSIONS = YES;
				CLANG_ANALYZER_NONNULL = YES;
				CLANG_ANALYZER_NUMBER_OBJECT_CONVERSION = YES_AGGRESSIVE;
				CLANG_CXX_LANGUAGE_STANDARD = "gnu++20";
				CLANG_ENABLE_MODULES = YES;
				CLANG_ENABLE_OBJC_ARC = YES;
				CLANG_ENABLE_OBJC_WEAK = YES;
				CLANG_WARN_BLOCK_CAPTURE_AUTORELEASING = YES;
				CLANG_WARN_BOOL_CONVERSION = YES;
				CLANG_WARN_COMMA = YES;
				CLANG_WARN_CONSTANT_CONVERSION = YES;
				CLANG_WARN_DEPRECATED_OBJC_IMPLEMENTATIONS = YES;
				CLANG_WARN_DIRECT_OBJC_ISA_USAGE = YES_ERROR;
				CLANG_WARN_DOCUMENTATION_COMMENTS = YES;
				CLANG_WARN_EMPTY_BODY = YES;
				CLANG_WARN_ENUM_CONVERSION = YES;
				CLANG_WARN_INFINITE_RECURSION = YES;
				CLANG_WARN_INT_CONVERSION = YES;
				CLANG_WARN_NON_LITERAL_NULL_CONVERSION = YES;
				CLANG_WARN_OBJC_IMPLICIT_RETAIN_SELF = YES;
				CLANG_WARN_OBJC_LITERAL_CONVERSION = YES;
				CLANG_WARN_OBJC_ROOT_CLASS = YES_ERROR;
				CLANG_WARN_QUOTED_INCLUDE_IN_FRAMEWORK_HEADER = YES;
				CLANG_WARN_RANGE_LOOP_ANALYSIS = YES;
				CLANG_WARN_STRICT_PROTOTYPES = YES;
				CLANG_WARN_SUSPICIOUS_MOVE = YES;
				CLANG_WARN_UNGUARDED_AVAILABILITY = YES_AGGRESSIVE;
				CLANG_WARN_UNREACHABLE_CODE = YES;
				CLANG_WARN__DUPLICATE_METHOD_MATCH = YES;
				COPY_PHASE_STRIP = NO;
				DEBUG_INFORMATION_FORMAT = "dwarf-with-dsym";
				ENABLE_NS_ASSERTIONS = NO;
				ENABLE_STRICT_OBJC_MSGSEND = YES;
				ENABLE_USER_SCRIPT_SANDBOXING = YES;
				GCC_C_LANGUAGE_STANDARD = gnu17;
				GCC_NO_COMMON_BLOCKS = YES;
				GCC_WARN_64_TO_32_BIT_CONVERSION = YES;
				GCC_WARN_ABOUT_RETURN_TYPE = YES_ERROR;
				GCC_WARN_UNDECLARED_SELECTOR = YES;
				GCC_WARN_UNINITIALIZED_AUTOS = YES_AGGRESSIVE;
				GCC_WARN_UNUSED_FUNCTION = YES;
				GCC_WARN_UNUSED_VARIABLE = YES;
				IPHONEOS_DEPLOYMENT_TARGET = 17.5;
				LOCALIZATION_PREFERS_STRING_CATALOGS = YES;
				MTL_ENABLE_DEBUG_INFO = NO;
				MTL_FAST_MATH = YES;
				NEW_SETTING = "";
				SDKROOT = iphoneos;
				SWIFT_COMPILATION_MODE = wholemodule;
				VALIDATE_PRODUCT = YES;
			};
			name = Release;
		};
		0EE319352D0929C700A7EE3D /* Debug */ = {
			isa = XCBuildConfiguration;
			buildSettings = {
				ASSETCATALOG_COMPILER_APPICON_NAME = AppIcon;
				ASSETCATALOG_COMPILER_GLOBAL_ACCENT_COLOR_NAME = AccentColor;
				CODE_SIGN_STYLE = Automatic;
				CURRENT_PROJECT_VERSION = 1;
				DEVELOPMENT_ASSET_PATHS = "\"RecipeApp/Preview Content\"";
				ENABLE_PREVIEWS = YES;
				GENERATE_INFOPLIST_FILE = YES;
				INFOPLIST_KEY_UIApplicationSceneManifest_Generation = YES;
				INFOPLIST_KEY_UIApplicationSupportsIndirectInputEvents = YES;
				INFOPLIST_KEY_UILaunchScreen_Generation = YES;
				INFOPLIST_KEY_UISupportedInterfaceOrientations_iPad = "UIInterfaceOrientationPortrait UIInterfaceOrientationPortraitUpsideDown UIInterfaceOrientationLandscapeLeft UIInterfaceOrientationLandscapeRight";
				INFOPLIST_KEY_UISupportedInterfaceOrientations_iPhone = "UIInterfaceOrientationPortrait UIInterfaceOrientationLandscapeLeft UIInterfaceOrientationLandscapeRight";
				LD_RUNPATH_SEARCH_PATHS = (
					"$(inherited)",
					"@executable_path/Frameworks",
				);
				MARKETING_VERSION = 1.0;
				PRODUCT_BUNDLE_IDENTIFIER = ArseniiKornienko.RecipeApp;
				PRODUCT_NAME = "$(TARGET_NAME)";
				SWIFT_EMIT_LOC_STRINGS = YES;
				SWIFT_VERSION = 5.0;
				TARGETED_DEVICE_FAMILY = "1,2";
			};
			name = Debug;
		};
		0EE319362D0929C700A7EE3D /* Release */ = {
			isa = XCBuildConfiguration;
			buildSettings = {
				ASSETCATALOG_COMPILER_APPICON_NAME = AppIcon;
				ASSETCATALOG_COMPILER_GLOBAL_ACCENT_COLOR_NAME = AccentColor;
				CODE_SIGN_STYLE = Automatic;
				CURRENT_PROJECT_VERSION = 1;
				DEVELOPMENT_ASSET_PATHS = "\"RecipeApp/Preview Content\"";
				ENABLE_PREVIEWS = YES;
				GENERATE_INFOPLIST_FILE = YES;
				INFOPLIST_KEY_UIApplicationSceneManifest_Generation = YES;
				INFOPLIST_KEY_UIApplicationSupportsIndirectInputEvents = YES;
				INFOPLIST_KEY_UILaunchScreen_Generation = YES;
				INFOPLIST_KEY_UISupportedInterfaceOrientations_iPad = "UIInterfaceOrientationPortrait UIInterfaceOrientationPortraitUpsideDown UIInterfaceOrientationLandscapeLeft UIInterfaceOrientationLandscapeRight";
				INFOPLIST_KEY_UISupportedInterfaceOrientations_iPhone = "UIInterfaceOrientationPortrait UIInterfaceOrientationLandscapeLeft UIInterfaceOrientationLandscapeRight";
				LD_RUNPATH_SEARCH_PATHS = (
					"$(inherited)",
					"@executable_path/Frameworks",
				);
				MARKETING_VERSION = 1.0;
				PRODUCT_BUNDLE_IDENTIFIER = ArseniiKornienko.RecipeApp;
				PRODUCT_NAME = "$(TARGET_NAME)";
				SWIFT_EMIT_LOC_STRINGS = YES;
				SWIFT_VERSION = 5.0;
				TARGETED_DEVICE_FAMILY = "1,2";
			};
			name = Release;
		};
		0EE319382D0929C700A7EE3D /* Debug */ = {
			isa = XCBuildConfiguration;
			buildSettings = {
				ALWAYS_EMBED_SWIFT_STANDARD_LIBRARIES = YES;
				BUNDLE_LOADER = "$(TEST_HOST)";
				CODE_SIGN_STYLE = Automatic;
				CURRENT_PROJECT_VERSION = 1;
				GENERATE_INFOPLIST_FILE = YES;
				IPHONEOS_DEPLOYMENT_TARGET = 17.5;
				MARKETING_VERSION = 1.0;
				PRODUCT_BUNDLE_IDENTIFIER = ArseniiKornienko.RecipeAppTests;
				PRODUCT_NAME = "$(TARGET_NAME)";
				SWIFT_EMIT_LOC_STRINGS = NO;
				SWIFT_VERSION = 5.0;
				TARGETED_DEVICE_FAMILY = "1,2";
				TEST_HOST = "$(BUILT_PRODUCTS_DIR)/RecipeApp.app/$(BUNDLE_EXECUTABLE_FOLDER_PATH)/RecipeApp";
			};
			name = Debug;
		};
		0EE319392D0929C700A7EE3D /* Release */ = {
			isa = XCBuildConfiguration;
			buildSettings = {
				ALWAYS_EMBED_SWIFT_STANDARD_LIBRARIES = YES;
				BUNDLE_LOADER = "$(TEST_HOST)";
				CODE_SIGN_STYLE = Automatic;
				CURRENT_PROJECT_VERSION = 1;
				GENERATE_INFOPLIST_FILE = YES;
				IPHONEOS_DEPLOYMENT_TARGET = 17.5;
				MARKETING_VERSION = 1.0;
				PRODUCT_BUNDLE_IDENTIFIER = ArseniiKornienko.RecipeAppTests;
				PRODUCT_NAME = "$(TARGET_NAME)";
				SWIFT_EMIT_LOC_STRINGS = NO;
				SWIFT_VERSION = 5.0;
				TARGETED_DEVICE_FAMILY = "1,2";
				TEST_HOST = "$(BUILT_PRODUCTS_DIR)/RecipeApp.app/$(BUNDLE_EXECUTABLE_FOLDER_PATH)/RecipeApp";
			};
			name = Release;
		};
		0EE3193B2D0929C700A7EE3D /* Debug */ = {
			isa = XCBuildConfiguration;
			buildSettings = {
				ALWAYS_EMBED_SWIFT_STANDARD_LIBRARIES = YES;
				CLANG_ENABLE_MODULES = YES;
				CODE_SIGN_STYLE = Automatic;
				CURRENT_PROJECT_VERSION = 1;
				GENERATE_INFOPLIST_FILE = YES;
				MARKETING_VERSION = 1.0;
				PRODUCT_BUNDLE_IDENTIFIER = ArseniiKornienko.RecipeAppUITests;
				PRODUCT_NAME = "$(TARGET_NAME)";
				SWIFT_EMIT_LOC_STRINGS = NO;
				SWIFT_OBJC_BRIDGING_HEADER = "RecipeAppUITests/RecipeAppUITests-Bridging-Header.h";
				SWIFT_OPTIMIZATION_LEVEL = "-Onone";
				SWIFT_VERSION = 5.0;
				TARGETED_DEVICE_FAMILY = "1,2";
				TEST_TARGET_NAME = RecipeApp;
			};
			name = Debug;
		};
		0EE3193C2D0929C700A7EE3D /* Release */ = {
			isa = XCBuildConfiguration;
			buildSettings = {
				ALWAYS_EMBED_SWIFT_STANDARD_LIBRARIES = YES;
				CLANG_ENABLE_MODULES = YES;
				CODE_SIGN_STYLE = Automatic;
				CURRENT_PROJECT_VERSION = 1;
				GENERATE_INFOPLIST_FILE = YES;
				MARKETING_VERSION = 1.0;
				PRODUCT_BUNDLE_IDENTIFIER = ArseniiKornienko.RecipeAppUITests;
				PRODUCT_NAME = "$(TARGET_NAME)";
				SWIFT_EMIT_LOC_STRINGS = NO;
				SWIFT_OBJC_BRIDGING_HEADER = "RecipeAppUITests/RecipeAppUITests-Bridging-Header.h";
				SWIFT_VERSION = 5.0;
				TARGETED_DEVICE_FAMILY = "1,2";
				TEST_TARGET_NAME = RecipeApp;
			};
			name = Release;
		};
/* End XCBuildConfiguration section */

/* Begin XCConfigurationList section */
		0EE3190B2D0929C500A7EE3D /* Build configuration list for PBXProject "RecipeApp" */ = {
			isa = XCConfigurationList;
			buildConfigurations = (
				0EE319322D0929C700A7EE3D /* Debug */,
				0EE319332D0929C700A7EE3D /* Release */,
			);
			defaultConfigurationIsVisible = 0;
			defaultConfigurationName = Release;
		};
		0EE319342D0929C700A7EE3D /* Build configuration list for PBXNativeTarget "RecipeApp" */ = {
			isa = XCConfigurationList;
			buildConfigurations = (
				0EE319352D0929C700A7EE3D /* Debug */,
				0EE319362D0929C700A7EE3D /* Release */,
			);
			defaultConfigurationIsVisible = 0;
			defaultConfigurationName = Release;
		};
		0EE319372D0929C700A7EE3D /* Build configuration list for PBXNativeTarget "RecipeAppTests" */ = {
			isa = XCConfigurationList;
			buildConfigurations = (
				0EE319382D0929C700A7EE3D /* Debug */,
				0EE319392D0929C700A7EE3D /* Release */,
			);
			defaultConfigurationIsVisible = 0;
			defaultConfigurationName = Release;
		};
		0EE3193A2D0929C700A7EE3D /* Build configuration list for PBXNativeTarget "RecipeAppUITests" */ = {
			isa = XCConfigurationList;
			buildConfigurations = (
				0EE3193B2D0929C700A7EE3D /* Debug */,
				0EE3193C2D0929C700A7EE3D /* Release */,
			);
			defaultConfigurationIsVisible = 0;
			defaultConfigurationName = Release;
		};
/* End XCConfigurationList section */
	};
	rootObject = 0EE319082D0929C500A7EE3D /* Project object */;
}
